<?xml version="1.0" encoding="utf-8"?>
<Project ToolsVersion="4.0" xmlns="http://schemas.microsoft.com/developer/msbuild/2003">
  <ItemGroup>
    <Filter Include="Source Files">
      <UniqueIdentifier>{4FC737F1-C7A5-4376-A066-2A32D752A2FF}</UniqueIdentifier>
      <Extensions>cpp;c;cc;cxx;def;odl;idl;hpj;bat;asm;asmx</Extensions>
    </Filter>
    <Filter Include="Header Files">
      <UniqueIdentifier>{93995380-89BD-4b04-88EB-625FBE52EBFB}</UniqueIdentifier>
      <Extensions>h;hh;hpp;hxx;hm;inl;inc;xsd</Extensions>
    </Filter>
    <Filter Include="Resource Files">
      <UniqueIdentifier>{67DA6AB6-F800-4c08-8B7A-83BB121AAD01}</UniqueIdentifier>
      <Extensions>rc;ico;cur;bmp;dlg;rc2;rct;bin;rgs;gif;jpg;jpeg;jpe;resx;tiff;tif;png;wav;mfcribbon-ms</Extensions>
    </Filter>
  </ItemGroup>
  <ItemGroup>
    <ClCompile Include="src\hackerrank\HackerRank.cpp">
      <Filter>Source Files</Filter>
    </ClCompile>
    <ClCompile Include="src\interviewcake\InterviewCake.cpp">
      <Filter>Source Files</Filter>
    </ClCompile>
    <ClCompile Include="src\hackerrank\hr_stringproblems.cpp">
      <Filter>Source Files</Filter>
    </ClCompile>
    <ClCompile Include="src\interviewcake\February2019.cpp">
      <Filter>Source Files</Filter>
    </ClCompile>
    <ClCompile Include="src\sandbox\sand.cpp">
      <Filter>Source Files</Filter>
    </ClCompile>
    <ClCompile Include="src\sandbox\Sandbox.cpp">
      <Filter>Source Files</Filter>
    </ClCompile>
    <ClCompile Include="src\ctci\CTCI.cpp">
      <Filter>Source Files</Filter>
    </ClCompile>
    <ClCompile Include="src\ctci\CTCI_CH1.cpp">
      <Filter>Source Files</Filter>
    </ClCompile>
    <ClCompile Include="src\hackerrank\hr_arrayproblems.cpp">
      <Filter>Source Files</Filter>
    </ClCompile>
    <ClCompile Include="src\hackerrank\hr_treeproblems.cpp">
      <Filter>Source Files</Filter>
    </ClCompile>
    <ClCompile Include="src\triplebyte\tictactoe.cpp">
      <Filter>Source Files</Filter>
    </ClCompile>
    <ClCompile Include="src\triplebyte\Triplebyte.cpp">
      <Filter>Source Files</Filter>
    </ClCompile>
    <ClCompile Include="src\interviewcamp\InterviewCamp.cpp">
      <Filter>Source Files</Filter>
    </ClCompile>
    <ClCompile Include="src\interviewcamp\week1.cpp">
      <Filter>Source Files</Filter>
    </ClCompile>
    <ClCompile Include="src\interviewcamp\arraysstrings\dutchflag.cpp">
      <Filter>Source Files</Filter>
    </ClCompile>
    <ClCompile Include="src\interviewcamp\arraysstrings\reverse_traverse.cpp">
      <Filter>Source Files</Filter>
    </ClCompile>
    <ClCompile Include="src\interviewcamp\arraysstrings\subarray.cpp">
      <Filter>Source Files</Filter>
    </ClCompile>
    <ClCompile Include="src\interviewcamp\arraysstrings\traverse_both_ends.cpp">
      <Filter>Source Files</Filter>
    </ClCompile>
  </ItemGroup>
  <ItemGroup>
    <ClInclude Include="src\hackerrank\HackerRank.h">
      <Filter>Header Files</Filter>
    </ClInclude>
    <ClInclude Include="src\interviewcake\InterviewCake.h">
      <Filter>Header Files</Filter>
    </ClInclude>
    <ClInclude Include="src\hackerrank\hr_stringproblems.h">
      <Filter>Header Files</Filter>
    </ClInclude>
    <ClInclude Include="src\interviewcake\February2019.h">
      <Filter>Header Files</Filter>
    </ClInclude>
    <ClInclude Include="src\sandbox\sand.h">
      <Filter>Header Files</Filter>
    </ClInclude>
    <ClInclude Include="src\sandbox\Sandbox.h">
      <Filter>Header Files</Filter>
    </ClInclude>
    <ClInclude Include="src\ctci\CTCI.h">
      <Filter>Header Files</Filter>
    </ClInclude>
    <ClInclude Include="src\ctci\CTCI_CH1.h">
      <Filter>Header Files</Filter>
    </ClInclude>
    <ClInclude Include="src\hackerrank\hr_arrayproblems.h">
      <Filter>Header Files</Filter>
    </ClInclude>
    <ClInclude Include="src\hackerrank\hr_treeproblems.h">
      <Filter>Header Files</Filter>
    </ClInclude>
    <ClInclude Include="src\triplebyte\tictactoe.h">
      <Filter>Header Files</Filter>
    </ClInclude>
    <ClInclude Include="src\triplebyte\Triplebyte.h">
      <Filter>Header Files</Filter>
    </ClInclude>
    <ClInclude Include="src\interviewcamp\InterviewCamp.h">
      <Filter>Header Files</Filter>
    </ClInclude>
    <ClInclude Include="src\interviewcamp\week1.h">
      <Filter>Header Files</Filter>
    </ClInclude>
    <ClInclude Include="src\interviewcamp\arraysstrings\arraysstrings.h">
      <Filter>Header Files</Filter>
    </ClInclude>
  </ItemGroup>
</Project>